{
  "name": "wechat",
  "version": "1.0.0",
  "lockfileVersion": 2,
  "requires": true,
  "packages": {
    "": {
      "name": "wechat",
      "version": "1.0.0",
      "license": "ISC",
      "dependencies": {
        "@vant/weapp": "^1.10.19",
        "supabase-wechat-stable-v2": "^2.0.4"
      }
    },
    "node_modules/@vant/weapp": {
      "version": "1.10.19",
      "resolved": "https://registry.npmjs.org/@vant/weapp/-/weapp-1.10.19.tgz",
      "integrity": "sha512-RStOPlSELi9lqim9dGagguViUVMNnfZaEceZ248JZgPjn5TzL2nwwHGWl9VI69SBPC+5MPS+LXm7Z4jcdscFeg=="
    },
    "node_modules/phoenix": {
      "version": "1.7.2",
      "resolved": "https://registry.npmjs.org/phoenix/-/phoenix-1.7.2.tgz",
      "integrity": "sha512-jwWDOsUNEQZkLNSwzfLJ6AMFUkyZ+ILU+NkBBtoAK020QPpV/dYEQHGMQoFScj89MFjJlLdkE1W97i8S+4FdGg=="
    },
    "node_modules/supabase-wechat-stable-v2": {
      "version": "2.0.4",
      "resolved": "https://registry.npmjs.org/supabase-wechat-stable-v2/-/supabase-wechat-stable-v2-2.0.4.tgz",
      "integrity": "sha512-jDG2EQ8c9o2uQJZuXMDjD5HOVvIsoxsMzH5gXTiQIUoQkouRr/T0qJ5oDFRFSgkTKQV0tOm7QwdtT5wSwu5WEg==",
      "dependencies": {
        "phoenix": "^1.6.16"
      }
    }
  },
  "dependencies": {
    "@vant/weapp": {
      "version": "1.10.19",
      "resolved": "https://registry.npmjs.org/@vant/weapp/-/weapp-1.10.19.tgz",
      "integrity": "sha512-RStOPlSELi9lqim9dGagguViUVMNnfZaEceZ248JZgPjn5TzL2nwwHGWl9VI69SBPC+5MPS+LXm7Z4jcdscFeg=="
    },
    "phoenix": {
      "version": "1.7.2",
      "resolved": "https://registry.npmjs.org/phoenix/-/phoenix-1.7.2.tgz",
      "integrity": "sha512-jwWDOsUNEQZkLNSwzfLJ6AMFUkyZ+ILU+NkBBtoAK020QPpV/dYEQHGMQoFScj89MFjJlLdkE1W97i8S+4FdGg=="
    },
    "supabase-wechat-stable-v2": {
      "version": "2.0.4",
      "resolved": "https://registry.npmjs.org/supabase-wechat-stable-v2/-/supabase-wechat-stable-v2-2.0.4.tgz",
      "integrity": "sha512-jDG2EQ8c9o2uQJZuXMDjD5HOVvIsoxsMzH5gXTiQIUoQkouRr/T0qJ5oDFRFSgkTKQV0tOm7QwdtT5wSwu5WEg==",
      "requires": {
        "phoenix": "^1.6.16"
      }
    }
  }
}
