{
  "name": "wechat",
  "version": "1.0.0",
  "lockfileVersion": 1,
  "requires": true,
  "dependencies": {
    "@vant/weapp": {
      "version": "1.10.19",
      "resolved": "https://registry.npmjs.org/@vant/weapp/-/weapp-1.10.19.tgz",
      "integrity": "sha512-RStOPlSELi9lqim9dGagguViUVMNnfZaEceZ248JZgPjn5TzL2nwwHGWl9VI69SBPC+5MPS+LXm7Z4jcdscFeg=="
    },
    "phoenix": {
      "version": "1.7.3",
      "resolved": "https://registry.npmjs.org/phoenix/-/phoenix-1.7.3.tgz",
      "integrity": "sha512-PJ9dhv69qGgTf4dihWlriCUg7WLO769+KHCirONRgPctb790vuFDV5XENZYO2COXfkwuZ7oYzTsejIGnyL7bLw=="
    },
    "supabase-wechat-stable-v2": {
      "version": "2.0.8",
      "resolved": "https://registry.npmjs.org/supabase-wechat-stable-v2/-/supabase-wechat-stable-v2-2.0.8.tgz",
      "integrity": "sha512-oVgnvIwbIXL+flGTJCONqKPqlRc8/ZC/EcOWC1iqzJ1qEl+dUyL0LgmPl/YT1hVg5Myu7PLPogPWMm3UBCGr+Q==",
      "requires": {
        "phoenix": "^1.6.16"
      }
    }
  }
}
